
Microsoft Visual Studio Solution File, Format Version 12.00
# Visual Studio 15
VisualStudioVersion = 15.0.28307.102
MinimumVisualStudioVersion = 10.0.40219.1
Project("{FAE04EC0-301F-11D3-BF4B-00C04F79EFBC}") = "OOPprinciples_Phones", "OOPprinciples_Phones\OOPprinciples_Phones.csproj", "{39EC1C5E-14E4-47EE-9C82-855158D68152}"
EndProject
Global
	GlobalSection(SolutionConfigurationPlatforms) = preSolution
		Debug|Any CPU = Debug|Any CPU
		Release|Any CPU = Release|Any CPU
	EndGlobalSection
	GlobalSection(ProjectConfigurationPlatforms) = postSolution
		{39EC1C5E-14E4-47EE-9C82-855158D68152}.Debug|Any CPU.ActiveCfg = Debug|Any CPU
		{39EC1C5E-14E4-47EE-9C82-855158D68152}.Debug|Any CPU.Build.0 = Debug|Any CPU
		{39EC1C5E-14E4-47EE-9C82-855158D68152}.Release|Any CPU.ActiveCfg = Release|Any CPU
		{39EC1C5E-14E4-47EE-9C82-855158D68152}.Release|Any CPU.Build.0 = Release|Any CPU
	EndGlobalSection
	GlobalSection(SolutionProperties) = preSolution
		HideSolutionNode = FALSE
	EndGlobalSection
	GlobalSection(ExtensibilityGlobals) = postSolution
		SolutionGuid = {100B7F65-E3AA-4032-B60A-8FE367CE7D9A}
	EndGlobalSection
EndGlobal
